
Microsoft Visual Studio Solution File, Format Version 12.00
# Visual Studio Version 16
VisualStudioVersion = 16.0.32407.337
MinimumVisualStudioVersion = 10.0.40219.1
Project("{FAE04EC0-301F-11D3-BF4B-00C04F79EFBC}") = "HCI_Projekat", "HCI_Projekat.csproj", "{651CDE99-E5C4-48D5-8066-71FF3C01C9EB}"
EndProject
Global
	GlobalSection(SolutionConfigurationPlatforms) = preSolution
		Debug|Any CPU = Debug|Any CPU
		Release|Any CPU = Release|Any CPU
	EndGlobalSection
	GlobalSection(ProjectConfigurationPlatforms) = postSolution
		{651CDE99-E5C4-48D5-8066-71FF3C01C9EB}.Debug|Any CPU.ActiveCfg = Debug|Any CPU
		{651CDE99-E5C4-48D5-8066-71FF3C01C9EB}.Debug|Any CPU.Build.0 = Debug|Any CPU
		{651CDE99-E5C4-48D5-8066-71FF3C01C9EB}.Release|Any CPU.ActiveCfg = Release|Any CPU
		{651CDE99-E5C4-48D5-8066-71FF3C01C9EB}.Release|Any CPU.Build.0 = Release|Any CPU
	EndGlobalSection
	GlobalSection(SolutionProperties) = preSolution
		HideSolutionNode = FALSE
	EndGlobalSection
	GlobalSection(ExtensibilityGlobals) = postSolution
		SolutionGuid = {22607971-144D-43AF-82A6-86D66D29C700}
	EndGlobalSection
EndGlobal
